{
  "lockfile_version": "1",
  "packages": {
    "git@latest": {
      "last_modified": "2024-07-31T08:48:38Z",
      "resolved": "github:NixOS/nixpkgs/c3392ad349a5227f4a3464dce87bcc5046692fce#git",
      "source": "devbox-search",
      "version": "2.45.2",
      "systems": {
        "aarch64-darwin": {
          "outputs": [
            {
              "name": "out",
              "path": "/nix/store/x40bf8i3vwwjaxgm423f6b6rcy4qm5m3-git-2.45.2",
              "default": true
            },
            {
              "name": "doc",
              "path": "/nix/store/y1gby0cqi1rfcpw96599ilz4awr66d8l-git-2.45.2-doc"
            }
          ],
          "store_path": "/nix/store/x40bf8i3vwwjaxgm423f6b6rcy4qm5m3-git-2.45.2"
        },
        "aarch64-linux": {
          "outputs": [
            {
              "name": "out",
              "path": "/nix/store/1kar0gc7pfaq2kbrribq6r8rqj2qx5yy-git-2.45.2",
              "default": true
            },
            {
              "name": "debug",
              "path": "/nix/store/rlcznd3f4khg0p1k5bb6rd7pid92npc8-git-2.45.2-debug"
            },
            {
              "name": "doc",
              "path": "/nix/store/dr4ymv1nnyylcvf2pc0x9a0g6xgm74b9-git-2.45.2-doc"
            }
          ],
          "store_path": "/nix/store/1kar0gc7pfaq2kbrribq6r8rqj2qx5yy-git-2.45.2"
        },
        "x86_64-darwin": {
          "outputs": [
            {
              "name": "out",
              "path": "/nix/store/5j735q46i4rfs6qzkrfdlz7sjz9gbss2-git-2.45.2",
              "default": true
            },
            {
              "name": "doc",
              "path": "/nix/store/qyg94b3ngx8n6xq97k1hhmv2hvnmgf44-git-2.45.2-doc"
            }
          ],
          "store_path": "/nix/store/5j735q46i4rfs6qzkrfdlz7sjz9gbss2-git-2.45.2"
        },
        "x86_64-linux": {
          "outputs": [
            {
              "name": "out",
              "path": "/nix/store/zlkbk9a9l6jw9ghaknlyk6l73q263m44-git-2.45.2",
              "default": true
            },
            {
              "name": "debug",
              "path": "/nix/store/3f2r8s83z5m6mvhysmb0q8ni664xnjfm-git-2.45.2-debug"
            },
            {
              "name": "doc",
              "path": "/nix/store/ardp2nl3vylv67x5m2kg3xsvci1hc7kl-git-2.45.2-doc"
            }
          ],
          "store_path": "/nix/store/zlkbk9a9l6jw9ghaknlyk6l73q263m44-git-2.45.2"
        }
      }
    },
    "github:NixOS/nixpkgs/nixpkgs-unstable": {
      "resolved": "github:NixOS/nixpkgs/74a40410369a1c35ee09b8a1abee6f4acbedc059?lastModified=1743938762&narHash=sha256-UgFYn8sGv9B8PoFpUfCa43CjMZBl1x%2FShQhRDHBFQdI%3D"
    }
  }
}
